
Microsoft Visual Studio Solution File, Format Version 12.00
Project("{FAE04EC0-301F-11D3-BF4B-00C04F79EFBC}") = "ComputerysProfanityFilter", "ComputerysProfanityFilter\ComputerysProfanityFilter.csproj", "{3A60EA04-0824-4ED4-A2BD-CDE1EB354F3C}"
EndProject
Project("{FAE04EC0-301F-11D3-BF4B-00C04F79EFBC}") = "ComputerysProfanityFilter.Benchmark", "ComputerysProfanityFilter.Benchmark\ComputerysProfanityFilter.Benchmark.csproj", "{A8EA64ED-91B8-40C3-8757-030AC39B40F7}"
EndProject
Global
	GlobalSection(SolutionConfigurationPlatforms) = preSolution
		Debug|Any CPU = Debug|Any CPU
		Release|Any CPU = Release|Any CPU
	EndGlobalSection
	GlobalSection(ProjectConfigurationPlatforms) = postSolution
		{3A60EA04-0824-4ED4-A2BD-CDE1EB354F3C}.Debug|Any CPU.ActiveCfg = Debug|Any CPU
		{3A60EA04-0824-4ED4-A2BD-CDE1EB354F3C}.Debug|Any CPU.Build.0 = Debug|Any CPU
		{3A60EA04-0824-4ED4-A2BD-CDE1EB354F3C}.Release|Any CPU.ActiveCfg = Release|Any CPU
		{3A60EA04-0824-4ED4-A2BD-CDE1EB354F3C}.Release|Any CPU.Build.0 = Release|Any CPU
		{A8EA64ED-91B8-40C3-8757-030AC39B40F7}.Debug|Any CPU.ActiveCfg = Debug|Any CPU
		{A8EA64ED-91B8-40C3-8757-030AC39B40F7}.Debug|Any CPU.Build.0 = Debug|Any CPU
		{A8EA64ED-91B8-40C3-8757-030AC39B40F7}.Release|Any CPU.ActiveCfg = Release|Any CPU
		{A8EA64ED-91B8-40C3-8757-030AC39B40F7}.Release|Any CPU.Build.0 = Release|Any CPU
	EndGlobalSection
EndGlobal
